// !$*UTF8*$!
{
	archiveVersion = 1;
	classes = {
	};
	objectVersion = 46;
	objects = {

/* Begin PBXAggregateTarget section */
		C97129A019B264C800ED7616 /* UniversalJump */ = {
			isa = PBXAggregateTarget;
			buildConfigurationList = C97129A119B264C800ED7616 /* Build configuration list for PBXAggregateTarget "UniversalJump" */;
			buildPhases = (
				C97129A419B264CE00ED7616 /* ShellScript */,
			);
			dependencies = (
			);
			name = UniversalJump;
			productName = UniversalJump;
		};
/* End PBXAggregateTarget section */

/* Begin PBXBuildFile section */
		2E78FF899591456DAF70318F /* libPods-Jump.a in Frameworks */ = {isa = PBXBuildFile; fileRef = 97847D1248C94EE79122F6F8 /* libPods-Jump.a */; };
		C971293019B25EE800ED7616 /* Foundation.framework in Frameworks */ = {isa = PBXBuildFile; fileRef = C971292F19B25EE800ED7616 /* Foundation.framework */; };
		C971293719B25EE800ED7616 /* Jump.m in Sources */ = {isa = PBXBuildFile; fileRef = C971293619B25EE800ED7616 /* Jump.m */; };
		C971293E19B25EE800ED7616 /* XCTest.framework in Frameworks */ = {isa = PBXBuildFile; fileRef = C971293D19B25EE800ED7616 /* XCTest.framework */; };
		C971293F19B25EE800ED7616 /* Foundation.framework in Frameworks */ = {isa = PBXBuildFile; fileRef = C971292F19B25EE800ED7616 /* Foundation.framework */; };
		C971294119B25EE800ED7616 /* UIKit.framework in Frameworks */ = {isa = PBXBuildFile; fileRef = C971294019B25EE800ED7616 /* UIKit.framework */; };
		C971294419B25EE800ED7616 /* libJump.a in Frameworks */ = {isa = PBXBuildFile; fileRef = C971292C19B25EE800ED7616 /* libJump.a */; };
		C971294A19B25EE800ED7616 /* InfoPlist.strings in Resources */ = {isa = PBXBuildFile; fileRef = C971294819B25EE800ED7616 /* InfoPlist.strings */; };
		C971294C19B25EE800ED7616 /* JumpTests.m in Sources */ = {isa = PBXBuildFile; fileRef = C971294B19B25EE800ED7616 /* JumpTests.m */; };
		C9712A3F19B2790500ED7616 /* Jump.h in CopyFiles */ = {isa = PBXBuildFile; fileRef = C971293419B25EE800ED7616 /* Jump.h */; };
		C98914AB19B27FB3000ADA4B /* LeapObjectiveC.mm in Sources */ = {isa = PBXBuildFile; fileRef = C98914AA19B27FB3000ADA4B /* LeapObjectiveC.mm */; };
/* End PBXBuildFile section */

/* Begin PBXContainerItemProxy section */
		C971294219B25EE800ED7616 /* PBXContainerItemProxy */ = {
			isa = PBXContainerItemProxy;
			containerPortal = C971292419B25EE800ED7616 /* Project object */;
			proxyType = 1;
			remoteGlobalIDString = C971292B19B25EE800ED7616;
			remoteInfo = Jump;
		};
/* End PBXContainerItemProxy section */

/* Begin PBXCopyFilesBuildPhase section */
		C971292A19B25EE800ED7616 /* CopyFiles */ = {
			isa = PBXCopyFilesBuildPhase;
			buildActionMask = 2147483647;
			dstPath = "include/$(PRODUCT_NAME)";
			dstSubfolderSpec = 16;
			files = (
				C9712A3F19B2790500ED7616 /* Jump.h in CopyFiles */,
			);
			runOnlyForDeploymentPostprocessing = 0;
		};
/* End PBXCopyFilesBuildPhase section */

/* Begin PBXFileReference section */
		97847D1248C94EE79122F6F8 /* libPods-Jump.a */ = {isa = PBXFileReference; explicitFileType = archive.ar; includeInIndex = 0; path = "libPods-Jump.a"; sourceTree = BUILT_PRODUCTS_DIR; };
		B9E2C5F3361A4E129D0A6A6F /* Pods-Jump.xcconfig */ = {isa = PBXFileReference; includeInIndex = 1; lastKnownFileType = text.xcconfig; name = "Pods-Jump.xcconfig"; path = "Pods/Pods-Jump.xcconfig"; sourceTree = "<group>"; };
		C971292C19B25EE800ED7616 /* libJump.a */ = {isa = PBXFileReference; explicitFileType = archive.ar; includeInIndex = 0; path = libJump.a; sourceTree = BUILT_PRODUCTS_DIR; };
		C971292F19B25EE800ED7616 /* Foundation.framework */ = {isa = PBXFileReference; lastKnownFileType = wrapper.framework; name = Foundation.framework; path = System/Library/Frameworks/Foundation.framework; sourceTree = SDKROOT; };
		C971293319B25EE800ED7616 /* Jump-Prefix.pch */ = {isa = PBXFileReference; lastKnownFileType = sourcecode.c.h; path = "Jump-Prefix.pch"; sourceTree = "<group>"; };
		C971293419B25EE800ED7616 /* Jump.h */ = {isa = PBXFileReference; lastKnownFileType = sourcecode.c.h; path = Jump.h; sourceTree = "<group>"; };
		C971293619B25EE800ED7616 /* Jump.m */ = {isa = PBXFileReference; lastKnownFileType = sourcecode.c.objc; path = Jump.m; sourceTree = "<group>"; };
		C971293C19B25EE800ED7616 /* JumpTests.xctest */ = {isa = PBXFileReference; explicitFileType = wrapper.cfbundle; includeInIndex = 0; path = JumpTests.xctest; sourceTree = BUILT_PRODUCTS_DIR; };
		C971293D19B25EE800ED7616 /* XCTest.framework */ = {isa = PBXFileReference; lastKnownFileType = wrapper.framework; name = XCTest.framework; path = Library/Frameworks/XCTest.framework; sourceTree = DEVELOPER_DIR; };
		C971294019B25EE800ED7616 /* UIKit.framework */ = {isa = PBXFileReference; lastKnownFileType = wrapper.framework; name = UIKit.framework; path = Library/Frameworks/UIKit.framework; sourceTree = DEVELOPER_DIR; };
		C971294719B25EE800ED7616 /* JumpTests-Info.plist */ = {isa = PBXFileReference; lastKnownFileType = text.plist.xml; path = "JumpTests-Info.plist"; sourceTree = "<group>"; };
		C971294919B25EE800ED7616 /* en */ = {isa = PBXFileReference; lastKnownFileType = text.plist.strings; name = en; path = en.lproj/InfoPlist.strings; sourceTree = "<group>"; };
		C971294B19B25EE800ED7616 /* JumpTests.m */ = {isa = PBXFileReference; lastKnownFileType = sourcecode.c.objc; path = JumpTests.m; sourceTree = "<group>"; };
		C98914A719B27FB3000ADA4B /* Leap.h */ = {isa = PBXFileReference; fileEncoding = 4; lastKnownFileType = sourcecode.c.h; path = Leap.h; sourceTree = "<group>"; };
		C98914A819B27FB3000ADA4B /* LeapMath.h */ = {isa = PBXFileReference; fileEncoding = 4; lastKnownFileType = sourcecode.c.h; path = LeapMath.h; sourceTree = "<group>"; };
		C98914A919B27FB3000ADA4B /* LeapObjectiveC.h */ = {isa = PBXFileReference; fileEncoding = 4; lastKnownFileType = sourcecode.c.h; path = LeapObjectiveC.h; sourceTree = "<group>"; };
		C98914AA19B27FB3000ADA4B /* LeapObjectiveC.mm */ = {isa = PBXFileReference; fileEncoding = 4; lastKnownFileType = sourcecode.cpp.objcpp; path = LeapObjectiveC.mm; sourceTree = "<group>"; };
/* End PBXFileReference section */

/* Begin PBXFrameworksBuildPhase section */
		C971292919B25EE800ED7616 /* Frameworks */ = {
			isa = PBXFrameworksBuildPhase;
			buildActionMask = 2147483647;
			files = (
				C971293019B25EE800ED7616 /* Foundation.framework in Frameworks */,
				2E78FF899591456DAF70318F /* libPods-Jump.a in Frameworks */,
			);
			runOnlyForDeploymentPostprocessing = 0;
		};
		C971293919B25EE800ED7616 /* Frameworks */ = {
			isa = PBXFrameworksBuildPhase;
			buildActionMask = 2147483647;
			files = (
				C971293E19B25EE800ED7616 /* XCTest.framework in Frameworks */,
				C971294119B25EE800ED7616 /* UIKit.framework in Frameworks */,
				C971293F19B25EE800ED7616 /* Foundation.framework in Frameworks */,
				C971294419B25EE800ED7616 /* libJump.a in Frameworks */,
			);
			runOnlyForDeploymentPostprocessing = 0;
		};
/* End PBXFrameworksBuildPhase section */

/* Begin PBXGroup section */
		C971292319B25EE800ED7616 = {
			isa = PBXGroup;
			children = (
				C971293119B25EE800ED7616 /* Jump */,
				C971294519B25EE800ED7616 /* JumpTests */,
				C971292E19B25EE800ED7616 /* Frameworks */,
				C971292D19B25EE800ED7616 /* Products */,
				B9E2C5F3361A4E129D0A6A6F /* Pods-Jump.xcconfig */,
			);
			sourceTree = "<group>";
		};
		C971292D19B25EE800ED7616 /* Products */ = {
			isa = PBXGroup;
			children = (
				C971292C19B25EE800ED7616 /* libJump.a */,
				C971293C19B25EE800ED7616 /* JumpTests.xctest */,
			);
			name = Products;
			sourceTree = "<group>";
		};
		C971292E19B25EE800ED7616 /* Frameworks */ = {
			isa = PBXGroup;
			children = (
				C971292F19B25EE800ED7616 /* Foundation.framework */,
				C971293D19B25EE800ED7616 /* XCTest.framework */,
				C971294019B25EE800ED7616 /* UIKit.framework */,
				97847D1248C94EE79122F6F8 /* libPods-Jump.a */,
			);
			name = Frameworks;
			sourceTree = "<group>";
		};
		C971293119B25EE800ED7616 /* Jump */ = {
			isa = PBXGroup;
			children = (
				C971293419B25EE800ED7616 /* Jump.h */,
				C971293619B25EE800ED7616 /* Jump.m */,
				C98914A619B27FB3000ADA4B /* LeapObjC */,
				C971293219B25EE800ED7616 /* Supporting Files */,
			);
			path = Jump;
			sourceTree = "<group>";
		};
		C971293219B25EE800ED7616 /* Supporting Files */ = {
			isa = PBXGroup;
			children = (
				C971293319B25EE800ED7616 /* Jump-Prefix.pch */,
			);
			name = "Supporting Files";
			sourceTree = "<group>";
		};
		C971294519B25EE800ED7616 /* JumpTests */ = {
			isa = PBXGroup;
			children = (
				C971294B19B25EE800ED7616 /* JumpTests.m */,
				C971294619B25EE800ED7616 /* Supporting Files */,
			);
			path = JumpTests;
			sourceTree = "<group>";
		};
		C971294619B25EE800ED7616 /* Supporting Files */ = {
			isa = PBXGroup;
			children = (
				C971294719B25EE800ED7616 /* JumpTests-Info.plist */,
				C971294819B25EE800ED7616 /* InfoPlist.strings */,
			);
			name = "Supporting Files";
			sourceTree = "<group>";
		};
		C98914A619B27FB3000ADA4B /* LeapObjC */ = {
			isa = PBXGroup;
			children = (
				C98914A719B27FB3000ADA4B /* Leap.h */,
				C98914A819B27FB3000ADA4B /* LeapMath.h */,
				C98914A919B27FB3000ADA4B /* LeapObjectiveC.h */,
				C98914AA19B27FB3000ADA4B /* LeapObjectiveC.mm */,
			);
			path = LeapObjC;
			sourceTree = "<group>";
		};
/* End PBXGroup section */

/* Begin PBXNativeTarget section */
		C971292B19B25EE800ED7616 /* Jump */ = {
			isa = PBXNativeTarget;
			buildConfigurationList = C971294F19B25EE800ED7616 /* Build configuration list for PBXNativeTarget "Jump" */;
			buildPhases = (
				3D9BC092B6C1473D9F7E2B34 /* Check Pods Manifest.lock */,
				C971292819B25EE800ED7616 /* Sources */,
				C971292919B25EE800ED7616 /* Frameworks */,
				C971292A19B25EE800ED7616 /* CopyFiles */,
				E5988FF6B56D4B2A9175AF77 /* Copy Pods Resources */,
			);
			buildRules = (
			);
			dependencies = (
			);
			name = Jump;
			productName = Jump;
			productReference = C971292C19B25EE800ED7616 /* libJump.a */;
			productType = "com.apple.product-type.library.static";
		};
		C971293B19B25EE800ED7616 /* JumpTests */ = {
			isa = PBXNativeTarget;
			buildConfigurationList = C971295219B25EE800ED7616 /* Build configuration list for PBXNativeTarget "JumpTests" */;
			buildPhases = (
				C971293819B25EE800ED7616 /* Sources */,
				C971293919B25EE800ED7616 /* Frameworks */,
				C971293A19B25EE800ED7616 /* Resources */,
			);
			buildRules = (
			);
			dependencies = (
				C971294319B25EE800ED7616 /* PBXTargetDependency */,
			);
			name = JumpTests;
			productName = JumpTests;
			productReference = C971293C19B25EE800ED7616 /* JumpTests.xctest */;
			productType = "com.apple.product-type.bundle.unit-test";
		};
/* End PBXNativeTarget section */

/* Begin PBXProject section */
		C971292419B25EE800ED7616 /* Project object */ = {
			isa = PBXProject;
			attributes = {
				LastUpgradeCheck = 0510;
				ORGANIZATIONNAME = Shrugs;
			};
			buildConfigurationList = C971292719B25EE800ED7616 /* Build configuration list for PBXProject "Jump" */;
			compatibilityVersion = "Xcode 3.2";
			developmentRegion = English;
			hasScannedForEncodings = 0;
			knownRegions = (
				en,
			);
			mainGroup = C971292319B25EE800ED7616;
			productRefGroup = C971292D19B25EE800ED7616 /* Products */;
			projectDirPath = "";
			projectRoot = "";
			targets = (
				C971292B19B25EE800ED7616 /* Jump */,
				C971293B19B25EE800ED7616 /* JumpTests */,
				C97129A019B264C800ED7616 /* UniversalJump */,
			);
		};
/* End PBXProject section */

/* Begin PBXResourcesBuildPhase section */
		C971293A19B25EE800ED7616 /* Resources */ = {
			isa = PBXResourcesBuildPhase;
			buildActionMask = 2147483647;
			files = (
				C971294A19B25EE800ED7616 /* InfoPlist.strings in Resources */,
			);
			runOnlyForDeploymentPostprocessing = 0;
		};
/* End PBXResourcesBuildPhase section */

/* Begin PBXShellScriptBuildPhase section */
		3D9BC092B6C1473D9F7E2B34 /* Check Pods Manifest.lock */ = {
			isa = PBXShellScriptBuildPhase;
			buildActionMask = 2147483647;
			files = (
			);
			inputPaths = (
			);
			name = "Check Pods Manifest.lock";
			outputPaths = (
			);
			runOnlyForDeploymentPostprocessing = 0;
			shellPath = /bin/sh;
			shellScript = "diff \"${PODS_ROOT}/../Podfile.lock\" \"${PODS_ROOT}/Manifest.lock\" > /dev/null\nif [[ $? != 0 ]] ; then\n    cat << EOM\nerror: The sandbox is not in sync with the Podfile.lock. Run 'pod install' or update your CocoaPods installation.\nEOM\n    exit 1\nfi\n";
			showEnvVarsInLog = 0;
		};
		C97129A419B264CE00ED7616 /* ShellScript */ = {
			isa = PBXShellScriptBuildPhase;
			buildActionMask = 2147483647;
			files = (
			);
			inputPaths = (
			);
			outputPaths = (
			);
			runOnlyForDeploymentPostprocessing = 0;
			shellPath = /bin/sh;
			shellScript = "# define output folder environment variable\nUNIVERSAL_OUTPUTFOLDER=${BUILD_DIR}/${CONFIGURATION}-universal\n\n# Step 1. Build Device and Simulator versions\nxcodebuild -target Jump ONLY_ACTIVE_ARCH=NO -configuration ${CONFIGURATION} -sdk iphoneos BUILD_DIR=\"${BUILD_DIR}\" BUILD_ROOT=\"${BUILD_ROOT}\"\nxcodebuild -target Jump -configuration ${CONFIGURATION} -sdk iphonesimulator -arch i386 BUILD_DIR=\"${BUILD_DIR}\" BUILD_ROOT=\"${BUILD_ROOT}\"\n\n# make sure the output directory exists\nmkdir -p \"${UNIVERSAL_OUTPUTFOLDER}\"\n\n# Step 2. Create universal binary file using lipo\nlipo -create -output \"${UNIVERSAL_OUTPUTFOLDER}/lib${PROJECT_NAME}.a\" \"${BUILD_DIR}/${CONFIGURATION}-iphoneos/lib${PROJECT_NAME}.a\" \"${BUILD_DIR}/${CONFIGURATION}-iphonesimulator/lib${PROJECT_NAME}.a\"\n\n# Last touch. copy the header files. Just for convenience\ncp -R \"${BUILD_DIR}/${CONFIGURATION}-iphoneos/include\" \"${UNIVERSAL_OUTPUTFOLDER}/\"";
		};
		E5988FF6B56D4B2A9175AF77 /* Copy Pods Resources */ = {
			isa = PBXShellScriptBuildPhase;
			buildActionMask = 2147483647;
			files = (
			);
			inputPaths = (
			);
			name = "Copy Pods Resources";
			outputPaths = (
			);
			runOnlyForDeploymentPostprocessing = 0;
			shellPath = /bin/sh;
			shellScript = "\"${SRCROOT}/Pods/Pods-Jump-resources.sh\"\n";
			showEnvVarsInLog = 0;
		};
/* End PBXShellScriptBuildPhase section */

/* Begin PBXSourcesBuildPhase section */
		C971292819B25EE800ED7616 /* Sources */ = {
			isa = PBXSourcesBuildPhase;
			buildActionMask = 2147483647;
			files = (
				C971293719B25EE800ED7616 /* Jump.m in Sources */,
				C98914AB19B27FB3000ADA4B /* LeapObjectiveC.mm in Sources */,
			);
			runOnlyForDeploymentPostprocessing = 0;
		};
		C971293819B25EE800ED7616 /* Sources */ = {
			isa = PBXSourcesBuildPhase;
			buildActionMask = 2147483647;
			files = (
				C971294C19B25EE800ED7616 /* JumpTests.m in Sources */,
			);
			runOnlyForDeploymentPostprocessing = 0;
		};
/* End PBXSourcesBuildPhase section */

/* Begin PBXTargetDependency section */
		C971294319B25EE800ED7616 /* PBXTargetDependency */ = {
			isa = PBXTargetDependency;
			target = C971292B19B25EE800ED7616 /* Jump */;
			targetProxy = C971294219B25EE800ED7616 /* PBXContainerItemProxy */;
		};
/* End PBXTargetDependency section */

/* Begin PBXVariantGroup section */
		C971294819B25EE800ED7616 /* InfoPlist.strings */ = {
			isa = PBXVariantGroup;
			children = (
				C971294919B25EE800ED7616 /* en */,
			);
			name = InfoPlist.strings;
			sourceTree = "<group>";
		};
/* End PBXVariantGroup section */

/* Begin XCBuildConfiguration section */
		C971294D19B25EE800ED7616 /* Debug */ = {
			isa = XCBuildConfiguration;
			buildSettings = {
				ALWAYS_SEARCH_USER_PATHS = NO;
				CLANG_CXX_LANGUAGE_STANDARD = "gnu++0x";
				CLANG_CXX_LIBRARY = "libc++";
				CLANG_ENABLE_MODULES = YES;
				CLANG_ENABLE_OBJC_ARC = YES;
				CLANG_WARN_BOOL_CONVERSION = YES;
				CLANG_WARN_CONSTANT_CONVERSION = YES;
				CLANG_WARN_DIRECT_OBJC_ISA_USAGE = YES_ERROR;
				CLANG_WARN_EMPTY_BODY = YES;
				CLANG_WARN_ENUM_CONVERSION = YES;
				CLANG_WARN_INT_CONVERSION = YES;
				CLANG_WARN_OBJC_ROOT_CLASS = YES_ERROR;
				CLANG_WARN__DUPLICATE_METHOD_MATCH = YES;
				COPY_PHASE_STRIP = NO;
				GCC_C_LANGUAGE_STANDARD = gnu99;
				GCC_DYNAMIC_NO_PIC = NO;
				GCC_OPTIMIZATION_LEVEL = 0;
				GCC_PREPROCESSOR_DEFINITIONS = (
					"DEBUG=1",
					"$(inherited)",
				);
				GCC_SYMBOLS_PRIVATE_EXTERN = NO;
				GCC_WARN_64_TO_32_BIT_CONVERSION = YES;
				GCC_WARN_ABOUT_RETURN_TYPE = YES_ERROR;
				GCC_WARN_UNDECLARED_SELECTOR = YES;
				GCC_WARN_UNINITIALIZED_AUTOS = YES_AGGRESSIVE;
				GCC_WARN_UNUSED_FUNCTION = YES;
				GCC_WARN_UNUSED_VARIABLE = YES;
				IPHONEOS_DEPLOYMENT_TARGET = 7.1;
				ONLY_ACTIVE_ARCH = YES;
				SDKROOT = iphoneos;
			};
			name = Debug;
		};
		C971294E19B25EE800ED7616 /* Release */ = {
			isa = XCBuildConfiguration;
			buildSettings = {
				ALWAYS_SEARCH_USER_PATHS = NO;
				CLANG_CXX_LANGUAGE_STANDARD = "gnu++0x";
				CLANG_CXX_LIBRARY = "libc++";
				CLANG_ENABLE_MODULES = YES;
				CLANG_ENABLE_OBJC_ARC = YES;
				CLANG_WARN_BOOL_CONVERSION = YES;
				CLANG_WARN_CONSTANT_CONVERSION = YES;
				CLANG_WARN_DIRECT_OBJC_ISA_USAGE = YES_ERROR;
				CLANG_WARN_EMPTY_BODY = YES;
				CLANG_WARN_ENUM_CONVERSION = YES;
				CLANG_WARN_INT_CONVERSION = YES;
				CLANG_WARN_OBJC_ROOT_CLASS = YES_ERROR;
				CLANG_WARN__DUPLICATE_METHOD_MATCH = YES;
				COPY_PHASE_STRIP = YES;
				ENABLE_NS_ASSERTIONS = NO;
				GCC_C_LANGUAGE_STANDARD = gnu99;
				GCC_WARN_64_TO_32_BIT_CONVERSION = YES;
				GCC_WARN_ABOUT_RETURN_TYPE = YES_ERROR;
				GCC_WARN_UNDECLARED_SELECTOR = YES;
				GCC_WARN_UNINITIALIZED_AUTOS = YES_AGGRESSIVE;
				GCC_WARN_UNUSED_FUNCTION = YES;
				GCC_WARN_UNUSED_VARIABLE = YES;
				IPHONEOS_DEPLOYMENT_TARGET = 7.1;
				SDKROOT = iphoneos;
				VALIDATE_PRODUCT = YES;
			};
			name = Release;
		};
		C971295019B25EE800ED7616 /* Debug */ = {
			isa = XCBuildConfiguration;
			baseConfigurationReference = B9E2C5F3361A4E129D0A6A6F /* Pods-Jump.xcconfig */;
			buildSettings = {
				DSTROOT = /tmp/Jump.dst;
				GCC_PRECOMPILE_PREFIX_HEADER = YES;
				GCC_PREFIX_HEADER = "Jump/Jump-Prefix.pch";
				OTHER_LDFLAGS = "";
				PRODUCT_NAME = "$(TARGET_NAME)";
				SKIP_INSTALL = YES;
			};
			name = Debug;
		};
		C971295119B25EE800ED7616 /* Release */ = {
			isa = XCBuildConfiguration;
			baseConfigurationReference = B9E2C5F3361A4E129D0A6A6F /* Pods-Jump.xcconfig */;
			buildSettings = {
				DSTROOT = /tmp/Jump.dst;
				GCC_PRECOMPILE_PREFIX_HEADER = YES;
				GCC_PREFIX_HEADER = "Jump/Jump-Prefix.pch";
				OTHER_LDFLAGS = "";
				PRODUCT_NAME = "$(TARGET_NAME)";
				SKIP_INSTALL = YES;
			};
			name = Release;
		};
		C971295319B25EE800ED7616 /* Debug */ = {
			isa = XCBuildConfiguration;
			buildSettings = {
				FRAMEWORK_SEARCH_PATHS = (
					"$(SDKROOT)/Developer/Library/Frameworks",
					"$(inherited)",
					"$(DEVELOPER_FRAMEWORKS_DIR)",
				);
				GCC_PRECOMPILE_PREFIX_HEADER = YES;
				GCC_PREFIX_HEADER = "Jump/Jump-Prefix.pch";
				GCC_PREPROCESSOR_DEFINITIONS = (
					"DEBUG=1",
					"$(inherited)",
				);
				INFOPLIST_FILE = "JumpTests/JumpTests-Info.plist";
				PRODUCT_NAME = "$(TARGET_NAME)";
				WRAPPER_EXTENSION = xctest;
			};
			name = Debug;
		};
		C971295419B25EE800ED7616 /* Release */ = {
			isa = XCBuildConfiguration;
			buildSettings = {
				FRAMEWORK_SEARCH_PATHS = (
					"$(SDKROOT)/Developer/Library/Frameworks",
					"$(inherited)",
					"$(DEVELOPER_FRAMEWORKS_DIR)",
				);
				GCC_PRECOMPILE_PREFIX_HEADER = YES;
				GCC_PREFIX_HEADER = "Jump/Jump-Prefix.pch";
				INFOPLIST_FILE = "JumpTests/JumpTests-Info.plist";
				PRODUCT_NAME = "$(TARGET_NAME)";
				WRAPPER_EXTENSION = xctest;
			};
			name = Release;
		};
		C97129A219B264C800ED7616 /* Debug */ = {
			isa = XCBuildConfiguration;
			buildSettings = {
				PRODUCT_NAME = "$(TARGET_NAME)";
			};
			name = Debug;
		};
		C97129A319B264C800ED7616 /* Release */ = {
			isa = XCBuildConfiguration;
			buildSettings = {
				PRODUCT_NAME = "$(TARGET_NAME)";
			};
			name = Release;
		};
/* End XCBuildConfiguration section */

/* Begin XCConfigurationList section */
		C971292719B25EE800ED7616 /* Build configuration list for PBXProject "Jump" */ = {
			isa = XCConfigurationList;
			buildConfigurations = (
				C971294D19B25EE800ED7616 /* Debug */,
				C971294E19B25EE800ED7616 /* Release */,
			);
			defaultConfigurationIsVisible = 0;
			defaultConfigurationName = Release;
		};
		C971294F19B25EE800ED7616 /* Build configuration list for PBXNativeTarget "Jump" */ = {
			isa = XCConfigurationList;
			buildConfigurations = (
				C971295019B25EE800ED7616 /* Debug */,
				C971295119B25EE800ED7616 /* Release */,
			);
			defaultConfigurationIsVisible = 0;
			defaultConfigurationName = Release;
		};
		C971295219B25EE800ED7616 /* Build configuration list for PBXNativeTarget "JumpTests" */ = {
			isa = XCConfigurationList;
			buildConfigurations = (
				C971295319B25EE800ED7616 /* Debug */,
				C971295419B25EE800ED7616 /* Release */,
			);
			defaultConfigurationIsVisible = 0;
			defaultConfigurationName = Release;
		};
		C97129A119B264C800ED7616 /* Build configuration list for PBXAggregateTarget "UniversalJump" */ = {
			isa = XCConfigurationList;
			buildConfigurations = (
				C97129A219B264C800ED7616 /* Debug */,
				C97129A319B264C800ED7616 /* Release */,
			);
			defaultConfigurationIsVisible = 0;
			defaultConfigurationName = Release;
		};
/* End XCConfigurationList section */
	};
	rootObject = C971292419B25EE800ED7616 /* Project object */;
}
